
Microsoft Visual Studio Solution File, Format Version 12.00
# Visual Studio 15
VisualStudioVersion = 15.0.28307.421
MinimumVisualStudioVersion = 10.0.40219.1
Project("{FAE04EC0-301F-11D3-BF4B-00C04F79EFBC}") = "paystack_tps", "paystack_tps\paystack_tps.csproj", "{4EF24B08-1203-4AA5-B012-C06A9463FEBD}"
EndProject
Global
	GlobalSection(SolutionConfigurationPlatforms) = preSolution
		Debug|Any CPU = Debug|Any CPU
		Release|Any CPU = Release|Any CPU
	EndGlobalSection
	GlobalSection(ProjectConfigurationPlatforms) = postSolution
		{4EF24B08-1203-4AA5-B012-C06A9463FEBD}.Debug|Any CPU.ActiveCfg = Debug|Any CPU
		{4EF24B08-1203-4AA5-B012-C06A9463FEBD}.Debug|Any CPU.Build.0 = Debug|Any CPU
		{4EF24B08-1203-4AA5-B012-C06A9463FEBD}.Release|Any CPU.ActiveCfg = Release|Any CPU
		{4EF24B08-1203-4AA5-B012-C06A9463FEBD}.Release|Any CPU.Build.0 = Release|Any CPU
	EndGlobalSection
	GlobalSection(SolutionProperties) = preSolution
		HideSolutionNode = FALSE
	EndGlobalSection
	GlobalSection(ExtensibilityGlobals) = postSolution
		SolutionGuid = {FCA17495-7342-47BF-9BAA-82891DC5BEE9}
	EndGlobalSection
EndGlobal
